
Microsoft Visual Studio Solution File, Format Version 12.00
# Visual Studio Version 16
VisualStudioVersion = 16.0.30523.141
MinimumVisualStudioVersion = 10.0.40219.1
Project("{FAE04EC0-301F-11D3-BF4B-00C04F79EFBC}") = "YoutubeDownloader", "YoutubeDownloader\YoutubeDownloader.csproj", "{87AD0FEC-E610-4EEF-8B06-CCC6FD3B9D7C}"
EndProject
Global
	GlobalSection(SolutionConfigurationPlatforms) = preSolution
		Debug|Any CPU = Debug|Any CPU
		Release|Any CPU = Release|Any CPU
	EndGlobalSection
	GlobalSection(ProjectConfigurationPlatforms) = postSolution
		{87AD0FEC-E610-4EEF-8B06-CCC6FD3B9D7C}.Debug|Any CPU.ActiveCfg = Debug|Any CPU
		{87AD0FEC-E610-4EEF-8B06-CCC6FD3B9D7C}.Debug|Any CPU.Build.0 = Debug|Any CPU
		{87AD0FEC-E610-4EEF-8B06-CCC6FD3B9D7C}.Release|Any CPU.ActiveCfg = Release|Any CPU
		{87AD0FEC-E610-4EEF-8B06-CCC6FD3B9D7C}.Release|Any CPU.Build.0 = Release|Any CPU
	EndGlobalSection
	GlobalSection(SolutionProperties) = preSolution
		HideSolutionNode = FALSE
	EndGlobalSection
	GlobalSection(ExtensibilityGlobals) = postSolution
		SolutionGuid = {599B659E-C012-4F58-99B1-2187E3142DE7}
	EndGlobalSection
EndGlobal
